
Microsoft Visual Studio Solution File, Format Version 12.00
# Visual Studio 15
VisualStudioVersion = 15.0.28307.1082
MinimumVisualStudioVersion = 10.0.40219.1
Project("{FAE04EC0-301F-11D3-BF4B-00C04F79EFBC}") = "AsyncMethods", "AsyncMethods.csproj", "{8F635C6D-176A-42FF-8EA6-C5BBE77B5848}"
EndProject
Global
	GlobalSection(SolutionConfigurationPlatforms) = preSolution
		Debug|Any CPU = Debug|Any CPU
		Release|Any CPU = Release|Any CPU
	EndGlobalSection
	GlobalSection(ProjectConfigurationPlatforms) = postSolution
		{8F635C6D-176A-42FF-8EA6-C5BBE77B5848}.Debug|Any CPU.ActiveCfg = Debug|Any CPU
		{8F635C6D-176A-42FF-8EA6-C5BBE77B5848}.Debug|Any CPU.Build.0 = Debug|Any CPU
		{8F635C6D-176A-42FF-8EA6-C5BBE77B5848}.Release|Any CPU.ActiveCfg = Release|Any CPU
		{8F635C6D-176A-42FF-8EA6-C5BBE77B5848}.Release|Any CPU.Build.0 = Release|Any CPU
	EndGlobalSection
	GlobalSection(SolutionProperties) = preSolution
		HideSolutionNode = FALSE
	EndGlobalSection
	GlobalSection(ExtensibilityGlobals) = postSolution
		SolutionGuid = {F6354CA7-EB2C-4AB5-BE77-192ED8C85706}
	EndGlobalSection
EndGlobal
